github.com/pucora/flatmap v1.0.1 h1:SdX1G8ZiCGj6Gk3UGs6VoAQF9VjwhCqcDbuCoJO/ij8=
github.com/pucora/flatmap v1.0.1/go.mod h1:WD5c42qlY3Ap6V7CXg+F2+Z1xmXDqxNKCHBrzuT64Ls=
github.com/pucora/httpcache v1.0.1 h1:ukgJqMw/vu85umpiWwtq6yCoYqytISou+W6YIua1BTA=
github.com/pucora/httpcache v1.0.1/go.mod h1:/0/aqXdV3Zd4vtQ1E4BvprMyRVAnheXJbQ/vuc8r08Q=
github.com/pucora/lru v1.0.1 h1:IQpJVRlCFdkhPfbbki6z7d5bz7XCr/vzTH+LXYSQAQQ=
github.com/pucora/lru v1.0.1/go.mod h1:dcgYCd7NBlb+wLM5Jf7iaXGjcVGenNO+8TD2utvuO9Y=
github.com/pucora/lura/v2 v2.0.9 h1:pPBU0rO71JeIp6k4xGwQweKHvd46+0BZRwb1Z7DZBE0=
github.com/pucora/lura/v2 v2.0.9/go.mod h1:7LJn5CTxnfAFbvsWyk6XqORnXXZ9uI3yn79Anz5qE4g=
github.com/valyala/fastrand v1.1.0 h1:f+5HkLW4rsgzdNoleUOB69hyT9IlD2ZQh9GyDMfb5G8=
github.com/valyala/fastrand v1.1.0/go.mod h1:HWqCzkrkg6QXT8V2EXWvXCoow7vLwOFN002oeRzjapQ=
golang.org/x/text v0.37.0 h1:Cqjiwd9eSg8e0QAkyCaQTNHFIIzWtidPahFWR83rTrc=
